schema: '2.0'
stages:
  fetch:
    cmd: python3 ../scripts/fetch.py
    params:
      params.yaml:
        base.batch_size: 10
        base.epochs: 100
        base.patience: 3
        base.ticker: AAPL
        base.time_steps: 3
    outs:
    - path: ../data/AAPL/AAPL_data.csv
      hash: md5
      md5: 579071bb2b12da1e2156b902826014a8
      size: 61427
    - path: ../data/AAPL/AAPL_run_id.txt
      hash: md5
      md5: 791af9efaf0b600a205a028dc63a3377
      size: 32
  preprocess:
    cmd: python3 ../scripts/preprocess.py
    deps:
    - path: ../data/AAPL/AAPL_data.csv
      hash: md5
      md5: 579071bb2b12da1e2156b902826014a8
      size: 61427
    - path: ../data/AAPL/AAPL_run_id.txt
      hash: md5
      md5: 791af9efaf0b600a205a028dc63a3377
      size: 32
    outs:
    - path: ../data/AAPL/AAPL_scaler.pkl
      hash: md5
      md5: a8df5403141feee9692451f6301d4e8b
      size: 522
    - path: ../data/AAPL/AAPL_training_data.csv
      hash: md5
      md5: 28483dd15ae03c5cdce0ed963f14916f
      size: 44256
    - path: ../data/AAPL/AAPL_val_data.csv
      hash: md5
      md5: 3366ec286cd023010de4358f51d2d74b
      size: 17176
    - path: ../data/AAPL/AAPL_x_train.npy
      hash: md5
      md5: 96963a19f5685b6f42db0eeee12f3da4
      size: 36296
    - path: ../data/AAPL/AAPL_x_val.npy
      hash: md5
      md5: 60983b5894e2e52cd491563cbe7bc9ef
      size: 14096
    - path: ../data/AAPL/AAPL_y_train.npy
      hash: md5
      md5: d4ff8835f902355cc0c996558704200f
      size: 12184
    - path: ../data/AAPL/AAPL_y_val.npy
      hash: md5
      md5: 42ca6f19624950bd8cc798e90a748c2e
      size: 4784
  train:
    cmd: python3 ../scripts/train.py
    deps:
    - path: ../data/AAPL/AAPL_scaler.pkl
      hash: md5
      md5: a8df5403141feee9692451f6301d4e8b
      size: 522
    - path: ../data/AAPL/AAPL_training_data.csv
      hash: md5
      md5: 28483dd15ae03c5cdce0ed963f14916f
      size: 44256
    - path: ../data/AAPL/AAPL_val_data.csv
      hash: md5
      md5: 3366ec286cd023010de4358f51d2d74b
      size: 17176
    - path: ../data/AAPL/AAPL_x_train.npy
      hash: md5
      md5: 96963a19f5685b6f42db0eeee12f3da4
      size: 36296
    - path: ../data/AAPL/AAPL_x_val.npy
      hash: md5
      md5: 60983b5894e2e52cd491563cbe7bc9ef
      size: 14096
    - path: ../data/AAPL/AAPL_y_train.npy
      hash: md5
      md5: d4ff8835f902355cc0c996558704200f
      size: 12184
    - path: ../data/AAPL/AAPL_y_val.npy
      hash: md5
      md5: 42ca6f19624950bd8cc798e90a748c2e
      size: 4784
    outs:
    - path: ../data/AAPL/AAPL_actual.csv
      hash: md5
      md5: 8b7dca197af934e9d94b4eb8f90be394
      size: 17122
    - path: ../data/AAPL/AAPL_feature_histograms.png
      hash: md5
      md5: a92cd5b2bfb4a8b0aee8621922b55c83
      size: 25765
    - path: ../data/AAPL/AAPL_latest.txt
      hash: md5
      md5: c81e728d9d4c2f636f067f89cc14862c
      size: 1
    - path: ../data/AAPL/AAPL_loss.png
      hash: md5
      md5: cee7536112c2d0e9f37ef3893fa57a14
      size: 39779
    - path: ../data/AAPL/AAPL_predictions.csv
      hash: md5
      md5: a01411543e3b76cb4e0ded121d4c702f
      size: 9914
    - path: ../data/AAPL/AAPL_predictions.png
      hash: md5
      md5: 7b8def155841ce5f9207c34771d34906
      size: 96798
