schema: '2.0'
stages:
  fetch:
    cmd: python3 ../scripts/fetch.py
    params:
      params.yaml:
        base.batch_size: 10
        base.epochs: 100
        base.patience: 3
        base.ticker: GOOG
        base.time_steps: 3
    outs:
    - path: ../data/GOOG/GOOG_data.csv
      hash: md5
      md5: bf683c9ca33f2fa8c9bc5c2882b059b5
      size: 61302
    - path: ../data/GOOG/GOOG_run_id.txt
      hash: md5
      md5: 0ce17d1b44c441f5005812a3e6ce8ee1
      size: 32
  preprocess:
    cmd: python3 ../scripts/preprocess.py
    deps:
    - path: ../data/GOOG/GOOG_data.csv
      hash: md5
      md5: bf683c9ca33f2fa8c9bc5c2882b059b5
      size: 61302
    - path: ../data/GOOG/GOOG_run_id.txt
      hash: md5
      md5: 0ce17d1b44c441f5005812a3e6ce8ee1
      size: 32
    outs:
    - path: ../data/GOOG/GOOG_scaler.pkl
      hash: md5
      md5: 6d1c5feb3bf9fd26c09421898d51b18d
      size: 522
    - path: ../data/GOOG/GOOG_training_data.csv
      hash: md5
      md5: 1600c72ab26c085f4a922372d42759d0
      size: 44169
    - path: ../data/GOOG/GOOG_val_data.csv
      hash: md5
      md5: dc64ba6036375e8f5c78c1b1f80e61d1
      size: 17138
    - path: ../data/GOOG/GOOG_x_train.npy
      hash: md5
      md5: 7b1299971c49e364a4317a9e8f6890b1
      size: 36296
    - path: ../data/GOOG/GOOG_x_val.npy
      hash: md5
      md5: 9dbbf1950a91c6685f45d431d7a92583
      size: 14096
    - path: ../data/GOOG/GOOG_y_train.npy
      hash: md5
      md5: 4c704241d3fc914ad7de6aee8915c801
      size: 12184
    - path: ../data/GOOG/GOOG_y_val.npy
      hash: md5
      md5: 8e75423e3a5a2b335581991867255896
      size: 4784
  train:
    cmd: python3 ../scripts/train.py
    deps:
    - path: ../data/GOOG/GOOG_scaler.pkl
      hash: md5
      md5: 6d1c5feb3bf9fd26c09421898d51b18d
      size: 522
    - path: ../data/GOOG/GOOG_training_data.csv
      hash: md5
      md5: 1600c72ab26c085f4a922372d42759d0
      size: 44169
    - path: ../data/GOOG/GOOG_val_data.csv
      hash: md5
      md5: dc64ba6036375e8f5c78c1b1f80e61d1
      size: 17138
    - path: ../data/GOOG/GOOG_x_train.npy
      hash: md5
      md5: 7b1299971c49e364a4317a9e8f6890b1
      size: 36296
    - path: ../data/GOOG/GOOG_x_val.npy
      hash: md5
      md5: 9dbbf1950a91c6685f45d431d7a92583
      size: 14096
    - path: ../data/GOOG/GOOG_y_train.npy
      hash: md5
      md5: 4c704241d3fc914ad7de6aee8915c801
      size: 12184
    - path: ../data/GOOG/GOOG_y_val.npy
      hash: md5
      md5: 8e75423e3a5a2b335581991867255896
      size: 4784
    outs:
    - path: ../data/GOOG/GOOG_actual.csv
      hash: md5
      md5: fb218b2e2bcc03e03e4bb7df7ec5cde8
      size: 17122
    - path: ../data/GOOG/GOOG_feature_histograms.png
      hash: md5
      md5: 77013760212734bd45057bb51b313964
      size: 26358
    - path: ../data/GOOG/GOOG_latest.txt
      hash: md5
      md5: a87ff679a2f3e71d9181a67b7542122c
      size: 1
    - path: ../data/GOOG/GOOG_loss.png
      hash: md5
      md5: 8d90f2dd3a3f4f8b462604e38937e875
      size: 36728
    - path: ../data/GOOG/GOOG_predictions.csv
      hash: md5
      md5: 6646a3b24bb6b73ee08fa8c1abd5c20b
      size: 9860
    - path: ../data/GOOG/GOOG_predictions.png
      hash: md5
      md5: d8938fee9f1f41bd3c98221e46f13612
      size: 98086
