schema: '2.0'
stages:
  fetch:
    cmd: python3 ../scripts/fetch.py
    params:
      params.yaml:
        base.batch_size: 10
        base.epochs: 100
        base.patience: 3
        base.ticker: GOOG
        base.time_steps: 3
    outs:
    - path: ../data/GOOG/GOOG_data.csv
      hash: md5
      md5: f312c3ca9f674c3c30573af1e9b942cb
      size: 61299
    - path: ../data/GOOG/GOOG_run_id.txt
      hash: md5
      md5: 99349907e783a78cd243d40518a6fca8
      size: 32
  preprocess:
    cmd: python3 ../scripts/preprocess.py
    deps:
    - path: ../data/GOOG/GOOG_data.csv
      hash: md5
      md5: f312c3ca9f674c3c30573af1e9b942cb
      size: 61299
    - path: ../data/GOOG/GOOG_run_id.txt
      hash: md5
      md5: 99349907e783a78cd243d40518a6fca8
      size: 32
    outs:
    - path: ../data/GOOG/GOOG_scaler.pkl
      hash: md5
      md5: 6d1c5feb3bf9fd26c09421898d51b18d
      size: 522
    - path: ../data/GOOG/GOOG_training_data.csv
      hash: md5
      md5: ff0eb3503e8ef43cade1f283fb28e42b
      size: 44171
    - path: ../data/GOOG/GOOG_val_data.csv
      hash: md5
      md5: b8ddf82f129ce5e72ce53b9e9199dc24
      size: 17133
    - path: ../data/GOOG/GOOG_x_train.npy
      hash: md5
      md5: b49c7dc506fe606b99e6397aa82b733f
      size: 36296
    - path: ../data/GOOG/GOOG_x_val.npy
      hash: md5
      md5: eee432cacdd08c3cae4420c4f8524180
      size: 14096
    - path: ../data/GOOG/GOOG_y_train.npy
      hash: md5
      md5: 8c787f26c1ac43fea0c70c0a6e26bda8
      size: 12184
    - path: ../data/GOOG/GOOG_y_val.npy
      hash: md5
      md5: cc6dbd430c50d264eb5ec933171351fd
      size: 4784
  train:
    cmd: python3 ../scripts/train.py
    deps:
    - path: ../data/GOOG/GOOG_scaler.pkl
      hash: md5
      md5: 205f9a2313841861fbc58d1317e6e91e
      size: 522
    - path: ../data/GOOG/GOOG_training_data.csv
      hash: md5
      md5: f819e2c26600057708314f1e7f9f4394
      size: 44179
    - path: ../data/GOOG/GOOG_val_data.csv
      hash: md5
      md5: 7f9882caa08041e0e0491fb6f65b177c
      size: 17135
    - path: ../data/GOOG/GOOG_x_train.npy
      hash: md5
      md5: 9ba517a14e0c888e27cf814bc585250e
      size: 36296
    - path: ../data/GOOG/GOOG_x_val.npy
      hash: md5
      md5: d9f819a18fe040848202f7a4a7118ae0
      size: 14096
    - path: ../data/GOOG/GOOG_y_train.npy
      hash: md5
      md5: f16bdf1a5e306881d97d15e4452d62b1
      size: 12184
    - path: ../data/GOOG/GOOG_y_val.npy
      hash: md5
      md5: 6a7c571fd602d03d54c9a00dccc34183
      size: 4784
    outs:
    - path: ../data/GOOG/GOOG_actual.csv
      hash: md5
      md5: ff197acb59a45e7746481170537c8c6b
      size: 17116
    - path: ../data/GOOG/GOOG_feature_histograms.png
      hash: md5
      md5: 77013760212734bd45057bb51b313964
      size: 26358
    - path: ../data/GOOG/GOOG_latest.txt
      hash: md5
      md5: e4da3b7fbbce2345d7772b0674a318d5
      size: 1
    - path: ../data/GOOG/GOOG_loss.png
      hash: md5
      md5: f74111a74ae0579bc3fb800e09c1c29f
      size: 39541
    - path: ../data/GOOG/GOOG_predictions.csv
      hash: md5
      md5: 3a1dd1bb4910c7160242311e81e4ff0e
      size: 9862
    - path: ../data/GOOG/GOOG_predictions.png
      hash: md5
      md5: 02bdb6de215a8600953e7e401792d743
      size: 97508
