schema: '2.0'
stages:
  fetch:
    cmd: python3 ../scripts/fetch.py
    params:
      params.yaml:
        base.batch_size: 10
        base.epochs: 100
        base.patience: 3
        base.ticker: MSFT
        base.time_steps: 3
    outs:
    - path: ../data/MSFT/MSFT_data.csv
      hash: md5
      md5: 23734464bb76cbd4e4fe3d7c7f2bf5df
      size: 61333
    - path: ../data/MSFT/MSFT_run_id.txt
      hash: md5
      md5: e15bf7567974597ccc09a6f87c507c1d
      size: 32
  preprocess:
    cmd: python3 ../scripts/preprocess.py
    deps:
    - path: ../data/MSFT/MSFT_data.csv
      hash: md5
      md5: 23734464bb76cbd4e4fe3d7c7f2bf5df
      size: 61333
    - path: ../data/MSFT/MSFT_run_id.txt
      hash: md5
      md5: e15bf7567974597ccc09a6f87c507c1d
      size: 32
    outs:
    - path: ../data/MSFT/MSFT_scaler.pkl
      hash: md5
      md5: 6d9e11c5f6ba5ef19c90a392c7ccd9fe
      size: 522
    - path: ../data/MSFT/MSFT_training_data.csv
      hash: md5
      md5: b31c15aeee2ba35884f35c5259cab81c
      size: 44127
    - path: ../data/MSFT/MSFT_val_data.csv
      hash: md5
      md5: 3ddbc8cb37841b6163cee8ce667d6963
      size: 17211
    - path: ../data/MSFT/MSFT_x_train.npy
      hash: md5
      md5: e41afab19d928ab5e0fdd52b331e3a49
      size: 36296
    - path: ../data/MSFT/MSFT_x_val.npy
      hash: md5
      md5: 0dae28246c8dcbc31923cdc7fef5d936
      size: 14360
    - path: ../data/MSFT/MSFT_y_train.npy
      hash: md5
      md5: 115313fdef9b1b37cfe3123467fde549
      size: 12184
    - path: ../data/MSFT/MSFT_y_val.npy
      hash: md5
      md5: 139dd781bde84748978f8f0f63f6a77f
      size: 4872
  train:
    cmd: python3 ../scripts/train.py
    deps:
    - path: ../data/MSFT/MSFT_scaler.pkl
      hash: md5
      md5: 6d9e11c5f6ba5ef19c90a392c7ccd9fe
      size: 522
    - path: ../data/MSFT/MSFT_training_data.csv
      hash: md5
      md5: b31c15aeee2ba35884f35c5259cab81c
      size: 44127
    - path: ../data/MSFT/MSFT_val_data.csv
      hash: md5
      md5: 3ddbc8cb37841b6163cee8ce667d6963
      size: 17211
    - path: ../data/MSFT/MSFT_x_train.npy
      hash: md5
      md5: e41afab19d928ab5e0fdd52b331e3a49
      size: 36296
    - path: ../data/MSFT/MSFT_x_val.npy
      hash: md5
      md5: 0dae28246c8dcbc31923cdc7fef5d936
      size: 14360
    - path: ../data/MSFT/MSFT_y_train.npy
      hash: md5
      md5: 115313fdef9b1b37cfe3123467fde549
      size: 12184
    - path: ../data/MSFT/MSFT_y_val.npy
      hash: md5
      md5: 139dd781bde84748978f8f0f63f6a77f
      size: 4872
    outs:
    - path: ../data/MSFT/MSFT_actual.csv
      hash: md5
      md5: 139e523ddd50a4c414a44a34f4febaff
      size: 17139
    - path: ../data/MSFT/MSFT_feature_histograms.png
      hash: md5
      md5: 6c5bd729ade80d9430ed99cac391cf8c
      size: 23442
    - path: ../data/MSFT/MSFT_latest.txt
      hash: md5
      md5: 1679091c5a880faf6fb5e6087eb1b2dc
      size: 1
    - path: ../data/MSFT/MSFT_loss.png
      hash: md5
      md5: e053096b8c750cb30436e2fe941680af
      size: 37923
    - path: ../data/MSFT/MSFT_predictions.csv
      hash: md5
      md5: 050102d1afa095f2ace4d50f63610eca
      size: 10101
    - path: ../data/MSFT/MSFT_predictions.png
      hash: md5
      md5: 74509e9cc77bf5ac7434e467e8d2ae07
      size: 95041
    - path: ../data/MSFT/MSFT_price_split.png
      hash: md5
      md5: 19f88f0c2d7714c3bd9dea24e5e20627
      size: 50902
