schema: '2.0'
stages:
  fetch:
    cmd: python3 ../scripts/fetch.py
    params:
      params.yaml:
        base.batch_size: 10
        base.epochs: 100
        base.patience: 3
        base.ticker: MSFT
        base.time_steps: 3
    outs:
    - path: ../data/MSFT/MSFT_data.csv
      hash: md5
      md5: 9098a2bc6175595764ab6f625abb17cb
      size: 61151
    - path: ../data/MSFT/MSFT_run_id.txt
      hash: md5
      md5: 34475cc00ef6464845f8c5228ac2c30a
      size: 32
  preprocess:
    cmd: python3 ../scripts/preprocess.py
    deps:
    - path: ../data/MSFT/MSFT_data.csv
      hash: md5
      md5: 9098a2bc6175595764ab6f625abb17cb
      size: 61151
    - path: ../data/MSFT/MSFT_run_id.txt
      hash: md5
      md5: 34475cc00ef6464845f8c5228ac2c30a
      size: 32
    outs:
    - path: ../data/MSFT/MSFT_scaler.pkl
      hash: md5
      md5: adc46dab6144e8d1613f6df62b9e0f66
      size: 522
    - path: ../data/MSFT/MSFT_training_data.csv
      hash: md5
      md5: 844c36c54e148ee0bfa04a7c949ff964
      size: 44233
    - path: ../data/MSFT/MSFT_val_data.csv
      hash: md5
      md5: e0ad5ebd21e5fec9e1d9c0b88009e03f
      size: 16923
    - path: ../data/MSFT/MSFT_x_train.npy
      hash: md5
      md5: 9cd0286a9bbae0fdb80878774086863a
      size: 36296
    - path: ../data/MSFT/MSFT_x_val.npy
      hash: md5
      md5: b894f5a883aa5cda2435250ee524ec38
      size: 14096
    - path: ../data/MSFT/MSFT_y_train.npy
      hash: md5
      md5: 38f690a9753209bf086ce1a0f4828a76
      size: 12184
    - path: ../data/MSFT/MSFT_y_val.npy
      hash: md5
      md5: ea02e5d11ac985f28e0d833237be4cc3
      size: 4784
  train:
    cmd: python3 ../scripts/train.py
    deps:
    - path: ../data/MSFT/MSFT_scaler.pkl
      hash: md5
      md5: adc46dab6144e8d1613f6df62b9e0f66
      size: 522
    - path: ../data/MSFT/MSFT_training_data.csv
      hash: md5
      md5: 844c36c54e148ee0bfa04a7c949ff964
      size: 44233
    - path: ../data/MSFT/MSFT_val_data.csv
      hash: md5
      md5: e0ad5ebd21e5fec9e1d9c0b88009e03f
      size: 16923
    - path: ../data/MSFT/MSFT_x_train.npy
      hash: md5
      md5: 9cd0286a9bbae0fdb80878774086863a
      size: 36296
    - path: ../data/MSFT/MSFT_x_val.npy
      hash: md5
      md5: b894f5a883aa5cda2435250ee524ec38
      size: 14096
    - path: ../data/MSFT/MSFT_y_train.npy
      hash: md5
      md5: 38f690a9753209bf086ce1a0f4828a76
      size: 12184
    - path: ../data/MSFT/MSFT_y_val.npy
      hash: md5
      md5: ea02e5d11ac985f28e0d833237be4cc3
      size: 4784
    outs:
    - path: ../data/MSFT/MSFT_actual.csv
      hash: md5
      md5: 458305fb29f3b6f66bc77abc5195592f
      size: 16849
    - path: ../data/MSFT/MSFT_feature_histograms.png
      hash: md5
      md5: 6c5bd729ade80d9430ed99cac391cf8c
      size: 23442
    - path: ../data/MSFT/MSFT_latest.txt
      hash: md5
      md5: c81e728d9d4c2f636f067f89cc14862c
      size: 1
    - path: ../data/MSFT/MSFT_loss.png
      hash: md5
      md5: 04593eea4c52b4db50eb9e7fd09e5ec1
      size: 35926
    - path: ../data/MSFT/MSFT_predictions.csv
      hash: md5
      md5: 913066bb854dda35b4c9eee83f5510c1
      size: 9914
    - path: ../data/MSFT/MSFT_predictions.png
      hash: md5
      md5: 1d99e11819d89772f9bf54b74f7138e4
      size: 93097
